
Microsoft Visual Studio Solution File, Format Version 12.00
# Visual Studio 15
VisualStudioVersion = 15.0.28307.329
MinimumVisualStudioVersion = 10.0.40219.1
Project("{FAE04EC0-301F-11D3-BF4B-00C04F79EFBC}") = "Kasny_inverzni_matice", "Kasny_inverzni_matice\Kasny_inverzni_matice.csproj", "{99ED6A3F-4C52-4118-A2A6-F395F998A84E}"
EndProject
Global
	GlobalSection(SolutionConfigurationPlatforms) = preSolution
		Debug|Any CPU = Debug|Any CPU
		Release|Any CPU = Release|Any CPU
	EndGlobalSection
	GlobalSection(ProjectConfigurationPlatforms) = postSolution
		{99ED6A3F-4C52-4118-A2A6-F395F998A84E}.Debug|Any CPU.ActiveCfg = Debug|Any CPU
		{99ED6A3F-4C52-4118-A2A6-F395F998A84E}.Debug|Any CPU.Build.0 = Debug|Any CPU
		{99ED6A3F-4C52-4118-A2A6-F395F998A84E}.Release|Any CPU.ActiveCfg = Release|Any CPU
		{99ED6A3F-4C52-4118-A2A6-F395F998A84E}.Release|Any CPU.Build.0 = Release|Any CPU
	EndGlobalSection
	GlobalSection(SolutionProperties) = preSolution
		HideSolutionNode = FALSE
	EndGlobalSection
	GlobalSection(ExtensibilityGlobals) = postSolution
		SolutionGuid = {A6671D5D-9C38-417A-B47F-1CF1808ADDEA}
	EndGlobalSection
EndGlobal
